// !$*UTF8*$!
{
	archiveVersion = 1;
	classes = {
	};
	objectVersion = 77;
	objects = {

/* Begin PBXBuildFile section */
		7A35823E30270578007D293A /* HourlyDetailView.swift in Sources */ = {isa = PBXBuildFile; fileRef = 7A35823D30270578007D293A /* HourlyDetailView.swift */; };
		7A95866330271CE300D9B2DD /* Localizable.xcstrings in Resources */ = {isa = PBXBuildFile; fileRef = 7A95866230271CE300D9B2DD /* Localizable.xcstrings */; };
		7A9C1FFE3026D0A700CD3C7F /* AirQualityService.swift in Sources */ = {isa = PBXBuildFile; fileRef = 7A9C1FFD3026D0A700CD3C7F /* AirQualityService.swift */; };
		7A9C20003026D0BD00CD3C7F /* LocationManager.swift in Sources */ = {isa = PBXBuildFile; fileRef = 7A9C1FFF3026D0BD00CD3C7F /* LocationManager.swift */; };
		7A9C20023026D0D000CD3C7F /* AirQualityViewModel.swift in Sources */ = {isa = PBXBuildFile; fileRef = 7A9C20013026D0D000CD3C7F /* AirQualityViewModel.swift */; };
		7A9C20063026DE1000CD3C7F /* KoreanCityDirectory.swift in Sources */ = {isa = PBXBuildFile; fileRef = 7A9C20053026DE1000CD3C7F /* KoreanCityDirectory.swift */; };
		7AAB6C7D302711530069BBA6 /* AppLocalization.swift in Sources */ = {isa = PBXBuildFile; fileRef = 7AAB6C7C302711530069BBA6 /* AppLocalization.swift */; };
/* End PBXBuildFile section */

/* Begin PBXFileReference section */
		7A35823D30270578007D293A /* HourlyDetailView.swift */ = {isa = PBXFileReference; lastKnownFileType = sourcecode.swift; path = HourlyDetailView.swift; sourceTree = "<group>"; };
		7A95866230271CE300D9B2DD /* Localizable.xcstrings */ = {isa = PBXFileReference; lastKnownFileType = text.json.xcstrings; path = Localizable.xcstrings; sourceTree = "<group>"; };
		7A9C1FEF3026CC8E00CD3C7F /* AirQuality5.app */ = {isa = PBXFileReference; explicitFileType = wrapper.application; includeInIndex = 0; path = AirQuality5.app; sourceTree = BUILT_PRODUCTS_DIR; };
		7A9C1FFD3026D0A700CD3C7F /* AirQualityService.swift */ = {isa = PBXFileReference; lastKnownFileType = sourcecode.swift; path = AirQualityService.swift; sourceTree = "<group>"; };
		7A9C1FFF3026D0BD00CD3C7F /* LocationManager.swift */ = {isa = PBXFileReference; lastKnownFileType = sourcecode.swift; path = LocationManager.swift; sourceTree = "<group>"; };
		7A9C20013026D0D000CD3C7F /* AirQualityViewModel.swift */ = {isa = PBXFileReference; lastKnownFileType = sourcecode.swift; path = AirQualityViewModel.swift; sourceTree = "<group>"; };
		7A9C20053026DE1000CD3C7F /* KoreanCityDirectory.swift */ = {isa = PBXFileReference; lastKnownFileType = sourcecode.swift; path = KoreanCityDirectory.swift; sourceTree = "<group>"; };
		7AAB6C7C302711530069BBA6 /* AppLocalization.swift */ = {isa = PBXFileReference; lastKnownFileType = sourcecode.swift; path = AppLocalization.swift; sourceTree = "<group>"; };
		7AAB6C803027124D0069BBA6 /* en */ = {isa = PBXFileReference; lastKnownFileType = text.plist.strings; name = en; path = InfoPlist.strings; sourceTree = "<group>"; };
		7AAB6C83302712560069BBA6 /* ko */ = {isa = PBXFileReference; lastKnownFileType = text.plist.strings; name = ko; path = InfoPlist.strings; sourceTree = "<group>"; };
/* End PBXFileReference section */

/* Begin PBXFileSystemSynchronizedBuildFileExceptionSet section */
		7A9C20043026D33C00CD3C7F /* Exceptions for "AirQuality5" folder in "AirQuality5" target */ = {
			isa = PBXFileSystemSynchronizedBuildFileExceptionSet;
			membershipExceptions = (
				Info.plist,
			);
			target = 7A9C1FEE3026CC8E00CD3C7F /* AirQuality5 */;
		};
/* End PBXFileSystemSynchronizedBuildFileExceptionSet section */

/* Begin PBXFileSystemSynchronizedRootGroup section */
		7A9C1FF13026CC8E00CD3C7F /* AirQuality5 */ = {
			isa = PBXFileSystemSynchronizedRootGroup;
			exceptions = (
				7A9C20043026D33C00CD3C7F /* Exceptions for "AirQuality5" folder in "AirQuality5" target */,
			);
			path = AirQuality5;
			sourceTree = "<group>";
		};
/* End PBXFileSystemSynchronizedRootGroup section */

/* Begin PBXFrameworksBuildPhase section */
		7A9C1FEC3026CC8E00CD3C7F /* Frameworks */ = {
			isa = PBXFrameworksBuildPhase;
			buildActionMask = 2147483647;
			files = (
			);
			runOnlyForDeploymentPostprocessing = 0;
		};
/* End PBXFrameworksBuildPhase section */

/* Begin PBXGroup section */
		7A9C1FE63026CC8E00CD3C7F = {
			isa = PBXGroup;
			children = (
				7A9C1FF13026CC8E00CD3C7F /* AirQuality5 */,
				7A9C1FF03026CC8E00CD3C7F /* Products */,
				7A9C1FFD3026D0A700CD3C7F /* AirQualityService.swift */,
				7A9C1FFF3026D0BD00CD3C7F /* LocationManager.swift */,
				7A9C20013026D0D000CD3C7F /* AirQualityViewModel.swift */,
				7A9C20053026DE1000CD3C7F /* KoreanCityDirectory.swift */,
				7A35823D30270578007D293A /* HourlyDetailView.swift */,
				7AAB6C7C302711530069BBA6 /* AppLocalization.swift */,
				7AAB6C7E3027124D0069BBA6 /* en.lproj */,
				7AAB6C81302712560069BBA6 /* ko.lproj */,
				7A95866230271CE300D9B2DD /* Localizable.xcstrings */,
			);
			sourceTree = "<group>";
		};
		7A9C1FF03026CC8E00CD3C7F /* Products */ = {
			isa = PBXGroup;
			children = (
				7A9C1FEF3026CC8E00CD3C7F /* AirQuality5.app */,
			);
			name = Products;
			sourceTree = "<group>";
		};
		7AAB6C7E3027124D0069BBA6 /* en.lproj */ = {
			isa = PBXGroup;
			children = (
				7AAB6C7F3027124D0069BBA6 /* InfoPlist.strings */,
			);
			path = en.lproj;
			sourceTree = "<group>";
		};
		7AAB6C81302712560069BBA6 /* ko.lproj */ = {
			isa = PBXGroup;
			children = (
				7AAB6C82302712560069BBA6 /* InfoPlist.strings */,
			);
			path = ko.lproj;
			sourceTree = "<group>";
		};
/* End PBXGroup section */

/* Begin PBXNativeTarget section */
		7A9C1FEE3026CC8E00CD3C7F /* AirQuality5 */ = {
			isa = PBXNativeTarget;
			buildConfigurationList = 7A9C1FFA3026CC8F00CD3C7F /* Build configuration list for PBXNativeTarget "AirQuality5" */;
			buildPhases = (
				7A9C1FEB3026CC8E00CD3C7F /* Sources */,
				7A9C1FEC3026CC8E00CD3C7F /* Frameworks */,
				7A9C1FED3026CC8E00CD3C7F /* Resources */,
			);
			buildRules = (
			);
			dependencies = (
			);
			fileSystemSynchronizedGroups = (
				7A9C1FF13026CC8E00CD3C7F /* AirQuality5 */,
			);
			name = AirQuality5;
			packageProductDependencies = (
			);
			productName = AirQuality5;
			productReference = 7A9C1FEF3026CC8E00CD3C7F /* AirQuality5.app */;
			productType = "com.apple.product-type.application";
		};
/* End PBXNativeTarget section */

/* Begin PBXProject section */
		7A9C1FE73026CC8E00CD3C7F /* Project object */ = {
			isa = PBXProject;
			attributes = {
				BuildIndependentTargetsInParallel = 1;
				LastSwiftUpdateCheck = 2660;
				LastUpgradeCheck = 2660;
				TargetAttributes = {
					7A9C1FEE3026CC8E00CD3C7F = {
						CreatedOnToolsVersion = 26.6;
					};
				};
			};
			buildConfigurationList = 7A9C1FEA3026CC8E00CD3C7F /* Build configuration list for PBXProject "AirQuality5" */;
			developmentRegion = en;
			hasScannedForEncodings = 0;
			knownRegions = (
				en,
				Base,
				ko,
			);
			mainGroup = 7A9C1FE63026CC8E00CD3C7F;
			minimizedProjectReferenceProxies = 1;
			preferredProjectObjectVersion = 77;
			productRefGroup = 7A9C1FF03026CC8E00CD3C7F /* Products */;
			projectDirPath = "";
			projectRoot = "";
			targets = (
				7A9C1FEE3026CC8E00CD3C7F /* AirQuality5 */,
			);
		};
/* End PBXProject section */

/* Begin PBXResourcesBuildPhase section */
		7A9C1FED3026CC8E00CD3C7F /* Resources */ = {
			isa = PBXResourcesBuildPhase;
			buildActionMask = 2147483647;
			files = (
				7A95866330271CE300D9B2DD /* Localizable.xcstrings in Resources */,
			);
			runOnlyForDeploymentPostprocessing = 0;
		};
/* End PBXResourcesBuildPhase section */

/* Begin PBXSourcesBuildPhase section */
		7A9C1FEB3026CC8E00CD3C7F /* Sources */ = {
			isa = PBXSourcesBuildPhase;
			buildActionMask = 2147483647;
			files = (
				7AAB6C7D302711530069BBA6 /* AppLocalization.swift in Sources */,
				7A9C20003026D0BD00CD3C7F /* LocationManager.swift in Sources */,
				7A35823E30270578007D293A /* HourlyDetailView.swift in Sources */,
				7A9C1FFE3026D0A700CD3C7F /* AirQualityService.swift in Sources */,
				7A9C20063026DE1000CD3C7F /* KoreanCityDirectory.swift in Sources */,
				7A9C20023026D0D000CD3C7F /* AirQualityViewModel.swift in Sources */,
			);
			runOnlyForDeploymentPostprocessing = 0;
		};
/* End PBXSourcesBuildPhase section */

/* Begin PBXVariantGroup section */
		7AAB6C7F3027124D0069BBA6 /* InfoPlist.strings */ = {
			isa = PBXVariantGroup;
			children = (
				7AAB6C803027124D0069BBA6 /* en */,
			);
			name = InfoPlist.strings;
			sourceTree = "<group>";
		};
		7AAB6C82302712560069BBA6 /* InfoPlist.strings */ = {
			isa = PBXVariantGroup;
			children = (
				7AAB6C83302712560069BBA6 /* ko */,
			);
			name = InfoPlist.strings;
			sourceTree = "<group>";
		};
/* End PBXVariantGroup section */

/* Begin XCBuildConfiguration section */
		7A9C1FF83026CC8F00CD3C7F /* Debug */ = {
			isa = XCBuildConfiguration;
			buildSettings = {
				ALWAYS_SEARCH_USER_PATHS = NO;
				ASSETCATALOG_COMPILER_GENERATE_SWIFT_ASSET_SYMBOL_EXTENSIONS = YES;
				CLANG_ANALYZER_NONNULL = YES;
				CLANG_ANALYZER_NUMBER_OBJECT_CONVERSION = YES_AGGRESSIVE;
				CLANG_CXX_LANGUAGE_STANDARD = "gnu++20";
				CLANG_ENABLE_MODULES = YES;
				CLANG_ENABLE_OBJC_ARC = YES;
				CLANG_ENABLE_OBJC_WEAK = YES;
				CLANG_WARN_BLOCK_CAPTURE_AUTORELEASING = YES;
				CLANG_WARN_BOOL_CONVERSION = YES;
				CLANG_WARN_COMMA = YES;
				CLANG_WARN_CONSTANT_CONVERSION = YES;
				CLANG_WARN_DEPRECATED_OBJC_IMPLEMENTATIONS = YES;
				CLANG_WARN_DIRECT_OBJC_ISA_USAGE = YES_ERROR;
				CLANG_WARN_DOCUMENTATION_COMMENTS = YES;
				CLANG_WARN_EMPTY_BODY = YES;
				CLANG_WARN_ENUM_CONVERSION = YES;
				CLANG_WARN_INFINITE_RECURSION = YES;
				CLANG_WARN_INT_CONVERSION = YES;
				CLANG_WARN_NON_LITERAL_NULL_CONVERSION = YES;
				CLANG_WARN_OBJC_IMPLICIT_RETAIN_SELF = YES;
				CLANG_WARN_OBJC_LITERAL_CONVERSION = YES;
				CLANG_WARN_OBJC_ROOT_CLASS = YES_ERROR;
				CLANG_WARN_QUOTED_INCLUDE_IN_FRAMEWORK_HEADER = YES;
				CLANG_WARN_RANGE_LOOP_ANALYSIS = YES;
				CLANG_WARN_STRICT_PROTOTYPES = YES;
				CLANG_WARN_SUSPICIOUS_MOVE = YES;
				CLANG_WARN_UNGUARDED_AVAILABILITY = YES_AGGRESSIVE;
				CLANG_WARN_UNREACHABLE_CODE = YES;
				CLANG_WARN__DUPLICATE_METHOD_MATCH = YES;
				COPY_PHASE_STRIP = NO;
				DEBUG_INFORMATION_FORMAT = dwarf;
				ENABLE_STRICT_OBJC_MSGSEND = YES;
				ENABLE_TESTABILITY = YES;
				ENABLE_USER_SCRIPT_SANDBOXING = YES;
				GCC_C_LANGUAGE_STANDARD = gnu17;
				GCC_DYNAMIC_NO_PIC = NO;
				GCC_NO_COMMON_BLOCKS = YES;
				GCC_OPTIMIZATION_LEVEL = 0;
				GCC_PREPROCESSOR_DEFINITIONS = (
					"DEBUG=1",
					"$(inherited)",
				);
				GCC_WARN_64_TO_32_BIT_CONVERSION = YES;
				GCC_WARN_ABOUT_RETURN_TYPE = YES_ERROR;
				GCC_WARN_UNDECLARED_SELECTOR = YES;
				GCC_WARN_UNINITIALIZED_AUTOS = YES_AGGRESSIVE;
				GCC_WARN_UNUSED_FUNCTION = YES;
				GCC_WARN_UNUSED_VARIABLE = YES;
				LOCALIZATION_PREFERS_STRING_CATALOGS = YES;
				MACOSX_DEPLOYMENT_TARGET = 26.5;
				MTL_ENABLE_DEBUG_INFO = INCLUDE_SOURCE;
				MTL_FAST_MATH = YES;
				ONLY_ACTIVE_ARCH = YES;
				SDKROOT = macosx;
				SWIFT_ACTIVE_COMPILATION_CONDITIONS = "DEBUG $(inherited)";
				SWIFT_OPTIMIZATION_LEVEL = "-Onone";
			};
			name = Debug;
		};
		7A9C1FF93026CC8F00CD3C7F /* Release */ = {
			isa = XCBuildConfiguration;
			buildSettings = {
				ALWAYS_SEARCH_USER_PATHS = NO;
				ASSETCATALOG_COMPILER_GENERATE_SWIFT_ASSET_SYMBOL_EXTENSIONS = YES;
				CLANG_ANALYZER_NONNULL = YES;
				CLANG_ANALYZER_NUMBER_OBJECT_CONVERSION = YES_AGGRESSIVE;
				CLANG_CXX_LANGUAGE_STANDARD = "gnu++20";
				CLANG_ENABLE_MODULES = YES;
				CLANG_ENABLE_OBJC_ARC = YES;
				CLANG_ENABLE_OBJC_WEAK = YES;
				CLANG_WARN_BLOCK_CAPTURE_AUTORELEASING = YES;
				CLANG_WARN_BOOL_CONVERSION = YES;
				CLANG_WARN_COMMA = YES;
				CLANG_WARN_CONSTANT_CONVERSION = YES;
				CLANG_WARN_DEPRECATED_OBJC_IMPLEMENTATIONS = YES;
				CLANG_WARN_DIRECT_OBJC_ISA_USAGE = YES_ERROR;
				CLANG_WARN_DOCUMENTATION_COMMENTS = YES;
				CLANG_WARN_EMPTY_BODY = YES;
				CLANG_WARN_ENUM_CONVERSION = YES;
				CLANG_WARN_INFINITE_RECURSION = YES;
				CLANG_WARN_INT_CONVERSION = YES;
				CLANG_WARN_NON_LITERAL_NULL_CONVERSION = YES;
				CLANG_WARN_OBJC_IMPLICIT_RETAIN_SELF = YES;
				CLANG_WARN_OBJC_LITERAL_CONVERSION = YES;
				CLANG_WARN_OBJC_ROOT_CLASS = YES_ERROR;
				CLANG_WARN_QUOTED_INCLUDE_IN_FRAMEWORK_HEADER = YES;
				CLANG_WARN_RANGE_LOOP_ANALYSIS = YES;
				CLANG_WARN_STRICT_PROTOTYPES = YES;
				CLANG_WARN_SUSPICIOUS_MOVE = YES;
				CLANG_WARN_UNGUARDED_AVAILABILITY = YES_AGGRESSIVE;
				CLANG_WARN_UNREACHABLE_CODE = YES;
				CLANG_WARN__DUPLICATE_METHOD_MATCH = YES;
				COPY_PHASE_STRIP = NO;
				DEBUG_INFORMATION_FORMAT = "dwarf-with-dsym";
				ENABLE_NS_ASSERTIONS = NO;
				ENABLE_STRICT_OBJC_MSGSEND = YES;
				ENABLE_USER_SCRIPT_SANDBOXING = YES;
				GCC_C_LANGUAGE_STANDARD = gnu17;
				GCC_NO_COMMON_BLOCKS = YES;
				GCC_WARN_64_TO_32_BIT_CONVERSION = YES;
				GCC_WARN_ABOUT_RETURN_TYPE = YES_ERROR;
				GCC_WARN_UNDECLARED_SELECTOR = YES;
				GCC_WARN_UNINITIALIZED_AUTOS = YES_AGGRESSIVE;
				GCC_WARN_UNUSED_FUNCTION = YES;
				GCC_WARN_UNUSED_VARIABLE = YES;
				LOCALIZATION_PREFERS_STRING_CATALOGS = YES;
				MACOSX_DEPLOYMENT_TARGET = 26.5;
				MTL_ENABLE_DEBUG_INFO = NO;
				MTL_FAST_MATH = YES;
				SDKROOT = macosx;
				SWIFT_COMPILATION_MODE = wholemodule;
			};
			name = Release;
		};
		7A9C1FFB3026CC8F00CD3C7F /* Debug */ = {
			isa = XCBuildConfiguration;
			buildSettings = {
				ASSETCATALOG_COMPILER_APPICON_NAME = AppIcon;
				ASSETCATALOG_COMPILER_GLOBAL_ACCENT_COLOR_NAME = AccentColor;
				CODE_SIGN_STYLE = Automatic;
				COMBINE_HIDPI_IMAGES = YES;
				CURRENT_PROJECT_VERSION = 1;
				ENABLE_APP_SANDBOX = YES;
				ENABLE_INCOMING_NETWORK_CONNECTIONS = NO;
				ENABLE_OUTGOING_NETWORK_CONNECTIONS = YES;
				ENABLE_PREVIEWS = YES;
				ENABLE_RESOURCE_ACCESS_AUDIO_INPUT = NO;
				ENABLE_RESOURCE_ACCESS_BLUETOOTH = NO;
				ENABLE_RESOURCE_ACCESS_CALENDARS = NO;
				ENABLE_RESOURCE_ACCESS_CAMERA = NO;
				ENABLE_RESOURCE_ACCESS_CONTACTS = NO;
				ENABLE_RESOURCE_ACCESS_LOCATION = YES;
				ENABLE_RESOURCE_ACCESS_PRINTING = NO;
				ENABLE_RESOURCE_ACCESS_USB = NO;
				ENABLE_USER_SELECTED_FILES = readonly;
				GENERATE_INFOPLIST_FILE = YES;
				INFOPLIST_FILE = AirQuality5/Info.plist;
				INFOPLIST_KEY_NSHumanReadableCopyright = "";
				LD_RUNPATH_SEARCH_PATHS = (
					"$(inherited)",
					"@executable_path/../Frameworks",
				);
				MARKETING_VERSION = 1.0;
				PRODUCT_BUNDLE_IDENTIFIER = com.ssy523.AirQuality5;
				PRODUCT_NAME = "$(TARGET_NAME)";
				REGISTER_APP_GROUPS = YES;
				STRING_CATALOG_GENERATE_SYMBOLS = YES;
				SWIFT_APPROACHABLE_CONCURRENCY = YES;
				SWIFT_DEFAULT_ACTOR_ISOLATION = MainActor;
				SWIFT_EMIT_LOC_STRINGS = YES;
				SWIFT_UPCOMING_FEATURE_MEMBER_IMPORT_VISIBILITY = YES;
				SWIFT_VERSION = 5.0;
			};
			name = Debug;
		};
		7A9C1FFC3026CC8F00CD3C7F /* Release */ = {
			isa = XCBuildConfiguration;
			buildSettings = {
				ASSETCATALOG_COMPILER_APPICON_NAME = AppIcon;
				ASSETCATALOG_COMPILER_GLOBAL_ACCENT_COLOR_NAME = AccentColor;
				CODE_SIGN_STYLE = Automatic;
				COMBINE_HIDPI_IMAGES = YES;
				CURRENT_PROJECT_VERSION = 1;
				ENABLE_APP_SANDBOX = YES;
				ENABLE_INCOMING_NETWORK_CONNECTIONS = NO;
				ENABLE_OUTGOING_NETWORK_CONNECTIONS = YES;
				ENABLE_PREVIEWS = YES;
				ENABLE_RESOURCE_ACCESS_AUDIO_INPUT = NO;
				ENABLE_RESOURCE_ACCESS_BLUETOOTH = NO;
				ENABLE_RESOURCE_ACCESS_CALENDARS = NO;
				ENABLE_RESOURCE_ACCESS_CAMERA = NO;
				ENABLE_RESOURCE_ACCESS_CONTACTS = NO;
				ENABLE_RESOURCE_ACCESS_LOCATION = YES;
				ENABLE_RESOURCE_ACCESS_PRINTING = NO;
				ENABLE_RESOURCE_ACCESS_USB = NO;
				ENABLE_USER_SELECTED_FILES = readonly;
				GENERATE_INFOPLIST_FILE = YES;
				INFOPLIST_FILE = AirQuality5/Info.plist;
				INFOPLIST_KEY_NSHumanReadableCopyright = "";
				LD_RUNPATH_SEARCH_PATHS = (
					"$(inherited)",
					"@executable_path/../Frameworks",
				);
				MARKETING_VERSION = 1.0;
				PRODUCT_BUNDLE_IDENTIFIER = com.ssy523.AirQuality5;
				PRODUCT_NAME = "$(TARGET_NAME)";
				REGISTER_APP_GROUPS = YES;
				STRING_CATALOG_GENERATE_SYMBOLS = YES;
				SWIFT_APPROACHABLE_CONCURRENCY = YES;
				SWIFT_DEFAULT_ACTOR_ISOLATION = MainActor;
				SWIFT_EMIT_LOC_STRINGS = YES;
				SWIFT_UPCOMING_FEATURE_MEMBER_IMPORT_VISIBILITY = YES;
				SWIFT_VERSION = 5.0;
			};
			name = Release;
		};
/* End XCBuildConfiguration section */

/* Begin XCConfigurationList section */
		7A9C1FEA3026CC8E00CD3C7F /* Build configuration list for PBXProject "AirQuality5" */ = {
			isa = XCConfigurationList;
			buildConfigurations = (
				7A9C1FF83026CC8F00CD3C7F /* Debug */,
				7A9C1FF93026CC8F00CD3C7F /* Release */,
			);
			defaultConfigurationIsVisible = 0;
			defaultConfigurationName = Release;
		};
		7A9C1FFA3026CC8F00CD3C7F /* Build configuration list for PBXNativeTarget "AirQuality5" */ = {
			isa = XCConfigurationList;
			buildConfigurations = (
				7A9C1FFB3026CC8F00CD3C7F /* Debug */,
				7A9C1FFC3026CC8F00CD3C7F /* Release */,
			);
			defaultConfigurationIsVisible = 0;
			defaultConfigurationName = Release;
		};
/* End XCConfigurationList section */
	};
	rootObject = 7A9C1FE73026CC8E00CD3C7F /* Project object */;
}
